
Microsoft Visual Studio Solution File, Format Version 12.00
# Visual Studio Version 16
VisualStudioVersion = 16.0.31321.278
MinimumVisualStudioVersion = 10.0.40219.1
Project("{FAE04EC0-301F-11D3-BF4B-00C04F79EFBC}") = "ProjetAnimaux", "ProjetAnimaux\ProjetAnimaux.csproj", "{7B79C124-3B97-4D71-8AF4-87C16AF75AB2}"
EndProject
Global
	GlobalSection(SolutionConfigurationPlatforms) = preSolution
		Debug|Any CPU = Debug|Any CPU
		Release|Any CPU = Release|Any CPU
	EndGlobalSection
	GlobalSection(ProjectConfigurationPlatforms) = postSolution
		{7B79C124-3B97-4D71-8AF4-87C16AF75AB2}.Debug|Any CPU.ActiveCfg = Debug|Any CPU
		{7B79C124-3B97-4D71-8AF4-87C16AF75AB2}.Debug|Any CPU.Build.0 = Debug|Any CPU
		{7B79C124-3B97-4D71-8AF4-87C16AF75AB2}.Release|Any CPU.ActiveCfg = Release|Any CPU
		{7B79C124-3B97-4D71-8AF4-87C16AF75AB2}.Release|Any CPU.Build.0 = Release|Any CPU
	EndGlobalSection
	GlobalSection(SolutionProperties) = preSolution
		HideSolutionNode = FALSE
	EndGlobalSection
	GlobalSection(ExtensibilityGlobals) = postSolution
		SolutionGuid = {CB43ED79-6186-42AD-B954-3D0373CFD8BB}
	EndGlobalSection
EndGlobal
